// !$*UTF8*$!
{
	archiveVersion = 1;
	classes = {
	};
	objectVersion = 46;
	objects = {

/* Begin PBXBuildFile section */
		8DEF9824195F80D100C584FA /* AppDelegate.swift in Sources */ = {isa = PBXBuildFile; fileRef = 8DEF9823195F80D100C584FA /* AppDelegate.swift */; };
		8DEF9826195F80D100C584FA /* ViewController.swift in Sources */ = {isa = PBXBuildFile; fileRef = 8DEF9825195F80D100C584FA /* ViewController.swift */; };
		8DEF9829195F80D100C584FA /* Main.storyboard in Resources */ = {isa = PBXBuildFile; fileRef = 8DEF9827195F80D100C584FA /* Main.storyboard */; };
		8DEF982B195F80D100C584FA /* Images.xcassets in Resources */ = {isa = PBXBuildFile; fileRef = 8DEF982A195F80D100C584FA /* Images.xcassets */; };
		8DEF9837195F80D100C584FA /* TipsCalculatorTests.swift in Sources */ = {isa = PBXBuildFile; fileRef = 8DEF9836195F80D100C584FA /* TipsCalculatorTests.swift */; };
		8DEF9841195F80FD00C584FA /* TipCalculatorModel.swift in Sources */ = {isa = PBXBuildFile; fileRef = 8DEF9840195F80FD00C584FA /* TipCalculatorModel.swift */; };
/* End PBXBuildFile section */

/* Begin PBXContainerItemProxy section */
		8DEF9831195F80D100C584FA /* PBXContainerItemProxy */ = {
			isa = PBXContainerItemProxy;
			containerPortal = 8DEF9816195F80D100C584FA /* Project object */;
			proxyType = 1;
			remoteGlobalIDString = 8DEF981D195F80D100C584FA;
			remoteInfo = TipsCalculator;
		};
/* End PBXContainerItemProxy section */

/* Begin PBXFileReference section */
		8DEF981E195F80D100C584FA /* TipsCalculator.app */ = {isa = PBXFileReference; explicitFileType = wrapper.application; includeInIndex = 0; path = TipsCalculator.app; sourceTree = BUILT_PRODUCTS_DIR; };
		8DEF9822195F80D100C584FA /* Info.plist */ = {isa = PBXFileReference; lastKnownFileType = text.plist.xml; path = Info.plist; sourceTree = "<group>"; };
		8DEF9823195F80D100C584FA /* AppDelegate.swift */ = {isa = PBXFileReference; lastKnownFileType = sourcecode.swift; path = AppDelegate.swift; sourceTree = "<group>"; };
		8DEF9825195F80D100C584FA /* ViewController.swift */ = {isa = PBXFileReference; lastKnownFileType = sourcecode.swift; path = ViewController.swift; sourceTree = "<group>"; };
		8DEF9828195F80D100C584FA /* Base */ = {isa = PBXFileReference; lastKnownFileType = file.storyboard; name = Base; path = Base.lproj/Main.storyboard; sourceTree = "<group>"; };
		8DEF982A195F80D100C584FA /* Images.xcassets */ = {isa = PBXFileReference; lastKnownFileType = folder.assetcatalog; path = Images.xcassets; sourceTree = "<group>"; };
		8DEF9830195F80D100C584FA /* TipsCalculatorTests.xctest */ = {isa = PBXFileReference; explicitFileType = wrapper.cfbundle; includeInIndex = 0; path = TipsCalculatorTests.xctest; sourceTree = BUILT_PRODUCTS_DIR; };
		8DEF9835195F80D100C584FA /* Info.plist */ = {isa = PBXFileReference; lastKnownFileType = text.plist.xml; path = Info.plist; sourceTree = "<group>"; };
		8DEF9836195F80D100C584FA /* TipsCalculatorTests.swift */ = {isa = PBXFileReference; lastKnownFileType = sourcecode.swift; path = TipsCalculatorTests.swift; sourceTree = "<group>"; };
		8DEF9840195F80FD00C584FA /* TipCalculatorModel.swift */ = {isa = PBXFileReference; fileEncoding = 4; lastKnownFileType = sourcecode.swift; path = TipCalculatorModel.swift; sourceTree = "<group>"; };
/* End PBXFileReference section */

/* Begin PBXFrameworksBuildPhase section */
		8DEF981B195F80D100C584FA /* Frameworks */ = {
			isa = PBXFrameworksBuildPhase;
			buildActionMask = 2147483647;
			files = (
			);
			runOnlyForDeploymentPostprocessing = 0;
		};
		8DEF982D195F80D100C584FA /* Frameworks */ = {
			isa = PBXFrameworksBuildPhase;
			buildActionMask = 2147483647;
			files = (
			);
			runOnlyForDeploymentPostprocessing = 0;
		};
/* End PBXFrameworksBuildPhase section */

/* Begin PBXGroup section */
		8DEF9815195F80D100C584FA = {
			isa = PBXGroup;
			children = (
				8DEF9820195F80D100C584FA /* TipsCalculator */,
				8DEF9833195F80D100C584FA /* TipsCalculatorTests */,
				8DEF981F195F80D100C584FA /* Products */,
			);
			sourceTree = "<group>";
		};
		8DEF981F195F80D100C584FA /* Products */ = {
			isa = PBXGroup;
			children = (
				8DEF981E195F80D100C584FA /* TipsCalculator.app */,
				8DEF9830195F80D100C584FA /* TipsCalculatorTests.xctest */,
			);
			name = Products;
			sourceTree = "<group>";
		};
		8DEF9820195F80D100C584FA /* TipsCalculator */ = {
			isa = PBXGroup;
			children = (
				8DEF9823195F80D100C584FA /* AppDelegate.swift */,
				8DEF9825195F80D100C584FA /* ViewController.swift */,
				8DEF9827195F80D100C584FA /* Main.storyboard */,
				8DEF982A195F80D100C584FA /* Images.xcassets */,
				8DEF9821195F80D100C584FA /* Supporting Files */,
				8DEF9840195F80FD00C584FA /* TipCalculatorModel.swift */,
			);
			path = TipsCalculator;
			sourceTree = "<group>";
		};
		8DEF9821195F80D100C584FA /* Supporting Files */ = {
			isa = PBXGroup;
			children = (
				8DEF9822195F80D100C584FA /* Info.plist */,
			);
			name = "Supporting Files";
			sourceTree = "<group>";
		};
		8DEF9833195F80D100C584FA /* TipsCalculatorTests */ = {
			isa = PBXGroup;
			children = (
				8DEF9836195F80D100C584FA /* TipsCalculatorTests.swift */,
				8DEF9834195F80D100C584FA /* Supporting Files */,
			);
			path = TipsCalculatorTests;
			sourceTree = "<group>";
		};
		8DEF9834195F80D100C584FA /* Supporting Files */ = {
			isa = PBXGroup;
			children = (
				8DEF9835195F80D100C584FA /* Info.plist */,
			);
			name = "Supporting Files";
			sourceTree = "<group>";
		};
/* End PBXGroup section */

/* Begin PBXNativeTarget section */
		8DEF981D195F80D100C584FA /* TipsCalculator */ = {
			isa = PBXNativeTarget;
			buildConfigurationList = 8DEF983A195F80D100C584FA /* Build configuration list for PBXNativeTarget "TipsCalculator" */;
			buildPhases = (
				8DEF981A195F80D100C584FA /* Sources */,
				8DEF981B195F80D100C584FA /* Frameworks */,
				8DEF981C195F80D100C584FA /* Resources */,
			);
			buildRules = (
			);
			dependencies = (
			);
			name = TipsCalculator;
			productName = TipsCalculator;
			productReference = 8DEF981E195F80D100C584FA /* TipsCalculator.app */;
			productType = "com.apple.product-type.application";
		};
		8DEF982F195F80D100C584FA /* TipsCalculatorTests */ = {
			isa = PBXNativeTarget;
			buildConfigurationList = 8DEF983D195F80D100C584FA /* Build configuration list for PBXNativeTarget "TipsCalculatorTests" */;
			buildPhases = (
				8DEF982C195F80D100C584FA /* Sources */,
				8DEF982D195F80D100C584FA /* Frameworks */,
				8DEF982E195F80D100C584FA /* Resources */,
			);
			buildRules = (
			);
			dependencies = (
				8DEF9832195F80D100C584FA /* PBXTargetDependency */,
			);
			name = TipsCalculatorTests;
			productName = TipsCalculatorTests;
			productReference = 8DEF9830195F80D100C584FA /* TipsCalculatorTests.xctest */;
			productType = "com.apple.product-type.bundle.unit-test";
		};
/* End PBXNativeTarget section */

/* Begin PBXProject section */
		8DEF9816195F80D100C584FA /* Project object */ = {
			isa = PBXProject;
			attributes = {
				LastUpgradeCheck = 0600;
				ORGANIZATIONNAME = Corklabs;
				TargetAttributes = {
					8DEF981D195F80D100C584FA = {
						CreatedOnToolsVersion = 6.0;
						DevelopmentTeam = WBMS5F9XER;
					};
					8DEF982F195F80D100C584FA = {
						CreatedOnToolsVersion = 6.0;
						TestTargetID = 8DEF981D195F80D100C584FA;
					};
				};
			};
			buildConfigurationList = 8DEF9819195F80D100C584FA /* Build configuration list for PBXProject "TipsCalculator" */;
			compatibilityVersion = "Xcode 3.2";
			developmentRegion = English;
			hasScannedForEncodings = 0;
			knownRegions = (
				en,
				Base,
			);
			mainGroup = 8DEF9815195F80D100C584FA;
			productRefGroup = 8DEF981F195F80D100C584FA /* Products */;
			projectDirPath = "";
			projectRoot = "";
			targets = (
				8DEF981D195F80D100C584FA /* TipsCalculator */,
				8DEF982F195F80D100C584FA /* TipsCalculatorTests */,
			);
		};
/* End PBXProject section */

/* Begin PBXResourcesBuildPhase section */
		8DEF981C195F80D100C584FA /* Resources */ = {
			isa = PBXResourcesBuildPhase;
			buildActionMask = 2147483647;
			files = (
				8DEF9829195F80D100C584FA /* Main.storyboard in Resources */,
				8DEF982B195F80D100C584FA /* Images.xcassets in Resources */,
			);
			runOnlyForDeploymentPostprocessing = 0;
		};
		8DEF982E195F80D100C584FA /* Resources */ = {
			isa = PBXResourcesBuildPhase;
			buildActionMask = 2147483647;
			files = (
			);
			runOnlyForDeploymentPostprocessing = 0;
		};
/* End PBXResourcesBuildPhase section */

/* Begin PBXSourcesBuildPhase section */
		8DEF981A195F80D100C584FA /* Sources */ = {
			isa = PBXSourcesBuildPhase;
			buildActionMask = 2147483647;
			files = (
				8DEF9841195F80FD00C584FA /* TipCalculatorModel.swift in Sources */,
				8DEF9826195F80D100C584FA /* ViewController.swift in Sources */,
				8DEF9824195F80D100C584FA /* AppDelegate.swift in Sources */,
			);
			runOnlyForDeploymentPostprocessing = 0;
		};
		8DEF982C195F80D100C584FA /* Sources */ = {
			isa = PBXSourcesBuildPhase;
			buildActionMask = 2147483647;
			files = (
				8DEF9837195F80D100C584FA /* TipsCalculatorTests.swift in Sources */,
			);
			runOnlyForDeploymentPostprocessing = 0;
		};
/* End PBXSourcesBuildPhase section */

/* Begin PBXTargetDependency section */
		8DEF9832195F80D100C584FA /* PBXTargetDependency */ = {
			isa = PBXTargetDependency;
			target = 8DEF981D195F80D100C584FA /* TipsCalculator */;
			targetProxy = 8DEF9831195F80D100C584FA /* PBXContainerItemProxy */;
		};
/* End PBXTargetDependency section */

/* Begin PBXVariantGroup section */
		8DEF9827195F80D100C584FA /* Main.storyboard */ = {
			isa = PBXVariantGroup;
			children = (
				8DEF9828195F80D100C584FA /* Base */,
			);
			name = Main.storyboard;
			sourceTree = "<group>";
		};
/* End PBXVariantGroup section */

/* Begin XCBuildConfiguration section */
		8DEF9838195F80D100C584FA /* Debug */ = {
			isa = XCBuildConfiguration;
			buildSettings = {
				ALWAYS_SEARCH_USER_PATHS = NO;
				CLANG_CXX_LANGUAGE_STANDARD = "gnu++0x";
				CLANG_CXX_LIBRARY = "libc++";
				CLANG_ENABLE_MODULES = YES;
				CLANG_ENABLE_OBJC_ARC = YES;
				CLANG_WARN_BOOL_CONVERSION = YES;
				CLANG_WARN_CONSTANT_CONVERSION = YES;
				CLANG_WARN_DIRECT_OBJC_ISA_USAGE = YES_ERROR;
				CLANG_WARN_EMPTY_BODY = YES;
				CLANG_WARN_ENUM_CONVERSION = YES;
				CLANG_WARN_INT_CONVERSION = YES;
				CLANG_WARN_OBJC_ROOT_CLASS = YES_ERROR;
				CLANG_WARN_UNREACHABLE_CODE = YES;
				CLANG_WARN__DUPLICATE_METHOD_MATCH = YES;
				"CODE_SIGN_IDENTITY[sdk=iphoneos*]" = "iPhone Developer";
				COPY_PHASE_STRIP = NO;
				ENABLE_STRICT_OBJC_MSGSEND = YES;
				GCC_C_LANGUAGE_STANDARD = gnu99;
				GCC_DYNAMIC_NO_PIC = NO;
				GCC_OPTIMIZATION_LEVEL = 0;
				GCC_PREPROCESSOR_DEFINITIONS = (
					"DEBUG=1",
					"$(inherited)",
				);
				GCC_SYMBOLS_PRIVATE_EXTERN = NO;
				GCC_WARN_64_TO_32_BIT_CONVERSION = YES;
				GCC_WARN_ABOUT_RETURN_TYPE = YES_ERROR;
				GCC_WARN_UNDECLARED_SELECTOR = YES;
				GCC_WARN_UNINITIALIZED_AUTOS = YES_AGGRESSIVE;
				GCC_WARN_UNUSED_FUNCTION = YES;
				GCC_WARN_UNUSED_VARIABLE = YES;
				IPHONEOS_DEPLOYMENT_TARGET = 8.0;
				METAL_ENABLE_DEBUG_INFO = YES;
				ONLY_ACTIVE_ARCH = YES;
				SDKROOT = iphoneos;
				SWIFT_OPTIMIZATION_LEVEL = "-Onone";
			};
			name = Debug;
		};
		8DEF9839195F80D100C584FA /* Release */ = {
			isa = XCBuildConfiguration;
			buildSettings = {
				ALWAYS_SEARCH_USER_PATHS = NO;
				CLANG_CXX_LANGUAGE_STANDARD = "gnu++0x";
				CLANG_CXX_LIBRARY = "libc++";
				CLANG_ENABLE_MODULES = YES;
				CLANG_ENABLE_OBJC_ARC = YES;
				CLANG_WARN_BOOL_CONVERSION = YES;
				CLANG_WARN_CONSTANT_CONVERSION = YES;
				CLANG_WARN_DIRECT_OBJC_ISA_USAGE = YES_ERROR;
				CLANG_WARN_EMPTY_BODY = YES;
				CLANG_WARN_ENUM_CONVERSION = YES;
				CLANG_WARN_INT_CONVERSION = YES;
				CLANG_WARN_OBJC_ROOT_CLASS = YES_ERROR;
				CLANG_WARN_UNREACHABLE_CODE = YES;
				CLANG_WARN__DUPLICATE_METHOD_MATCH = YES;
				"CODE_SIGN_IDENTITY[sdk=iphoneos*]" = "iPhone Developer";
				COPY_PHASE_STRIP = YES;
				ENABLE_NS_ASSERTIONS = NO;
				ENABLE_STRICT_OBJC_MSGSEND = YES;
				GCC_C_LANGUAGE_STANDARD = gnu99;
				GCC_WARN_64_TO_32_BIT_CONVERSION = YES;
				GCC_WARN_ABOUT_RETURN_TYPE = YES_ERROR;
				GCC_WARN_UNDECLARED_SELECTOR = YES;
				GCC_WARN_UNINITIALIZED_AUTOS = YES_AGGRESSIVE;
				GCC_WARN_UNUSED_FUNCTION = YES;
				GCC_WARN_UNUSED_VARIABLE = YES;
				IPHONEOS_DEPLOYMENT_TARGET = 8.0;
				METAL_ENABLE_DEBUG_INFO = NO;
				SDKROOT = iphoneos;
				VALIDATE_PRODUCT = YES;
			};
			name = Release;
		};
		8DEF983B195F80D100C584FA /* Debug */ = {
			isa = XCBuildConfiguration;
			buildSettings = {
				ASSETCATALOG_COMPILER_APPICON_NAME = AppIcon;
				ASSETCATALOG_COMPILER_LAUNCHIMAGE_NAME = LaunchImage;
				CODE_SIGN_IDENTITY = "iPhone Developer";
				"CODE_SIGN_IDENTITY[sdk=iphoneos*]" = "iPhone Developer";
				INFOPLIST_FILE = TipsCalculator/Info.plist;
				IPHONEOS_DEPLOYMENT_TARGET = 7.0;
				LD_RUNPATH_SEARCH_PATHS = "$(inherited) @executable_path/Frameworks";
				PRODUCT_NAME = "$(TARGET_NAME)";
				PROVISIONING_PROFILE = "";
			};
			name = Debug;
		};
		8DEF983C195F80D100C584FA /* Release */ = {
			isa = XCBuildConfiguration;
			buildSettings = {
				ASSETCATALOG_COMPILER_APPICON_NAME = AppIcon;
				ASSETCATALOG_COMPILER_LAUNCHIMAGE_NAME = LaunchImage;
				CODE_SIGN_IDENTITY = "iPhone Developer";
				"CODE_SIGN_IDENTITY[sdk=iphoneos*]" = "iPhone Developer";
				INFOPLIST_FILE = TipsCalculator/Info.plist;
				IPHONEOS_DEPLOYMENT_TARGET = 7.0;
				LD_RUNPATH_SEARCH_PATHS = "$(inherited) @executable_path/Frameworks";
				PRODUCT_NAME = "$(TARGET_NAME)";
				PROVISIONING_PROFILE = "";
			};
			name = Release;
		};
		8DEF983E195F80D100C584FA /* Debug */ = {
			isa = XCBuildConfiguration;
			buildSettings = {
				BUNDLE_LOADER = "$(BUILT_PRODUCTS_DIR)/TipsCalculator.app/TipsCalculator";
				FRAMEWORK_SEARCH_PATHS = (
					"$(SDKROOT)/Developer/Library/Frameworks",
					"$(inherited)",
				);
				GCC_PREPROCESSOR_DEFINITIONS = (
					"DEBUG=1",
					"$(inherited)",
				);
				INFOPLIST_FILE = TipsCalculatorTests/Info.plist;
				LD_RUNPATH_SEARCH_PATHS = "$(inherited) @executable_path/Frameworks @loader_path/Frameworks";
				METAL_ENABLE_DEBUG_INFO = YES;
				PRODUCT_NAME = "$(TARGET_NAME)";
				TEST_HOST = "$(BUNDLE_LOADER)";
			};
			name = Debug;
		};
		8DEF983F195F80D100C584FA /* Release */ = {
			isa = XCBuildConfiguration;
			buildSettings = {
				BUNDLE_LOADER = "$(BUILT_PRODUCTS_DIR)/TipsCalculator.app/TipsCalculator";
				FRAMEWORK_SEARCH_PATHS = (
					"$(SDKROOT)/Developer/Library/Frameworks",
					"$(inherited)",
				);
				INFOPLIST_FILE = TipsCalculatorTests/Info.plist;
				LD_RUNPATH_SEARCH_PATHS = "$(inherited) @executable_path/Frameworks @loader_path/Frameworks";
				METAL_ENABLE_DEBUG_INFO = NO;
				PRODUCT_NAME = "$(TARGET_NAME)";
				TEST_HOST = "$(BUNDLE_LOADER)";
			};
			name = Release;
		};
/* End XCBuildConfiguration section */

/* Begin XCConfigurationList section */
		8DEF9819195F80D100C584FA /* Build configuration list for PBXProject "TipsCalculator" */ = {
			isa = XCConfigurationList;
			buildConfigurations = (
				8DEF9838195F80D100C584FA /* Debug */,
				8DEF9839195F80D100C584FA /* Release */,
			);
			defaultConfigurationIsVisible = 0;
			defaultConfigurationName = Release;
		};
		8DEF983A195F80D100C584FA /* Build configuration list for PBXNativeTarget "TipsCalculator" */ = {
			isa = XCConfigurationList;
			buildConfigurations = (
				8DEF983B195F80D100C584FA /* Debug */,
				8DEF983C195F80D100C584FA /* Release */,
			);
			defaultConfigurationIsVisible = 0;
			defaultConfigurationName = Release;
		};
		8DEF983D195F80D100C584FA /* Build configuration list for PBXNativeTarget "TipsCalculatorTests" */ = {
			isa = XCConfigurationList;
			buildConfigurations = (
				8DEF983E195F80D100C584FA /* Debug */,
				8DEF983F195F80D100C584FA /* Release */,
			);
			defaultConfigurationIsVisible = 0;
			defaultConfigurationName = Release;
		};
/* End XCConfigurationList section */
	};
	rootObject = 8DEF9816195F80D100C584FA /* Project object */;
}
